schema: human_rule_distribution_v1
version: 1
entity: service
id: block
display_name: Block
generated_from:
  run_id: 20261004T003708162399Z-run
  ir_schema: semantic_ir_v2
  ir_digest: d54f85015a463b072c98744dc27b58fef29b5b2bb153425a327f30959c4335a9
stats:
  total: 2
  by_type:
    DOMAIN_SUFFIX: 2
rules:
- id: ae6177864378af4923db2de70939f63d8e02cec5571b147f820ccfc1cb9481ca
  type: DOMAIN_SUFFIX
  value: block.xyz
- id: 30ba3f8ac56765a0ef7a4176acbca37befe847482d3281f975b91c43a8c505a5
  type: DOMAIN_SUFFIX
  value: www.block.xyz
provider: block
